github.com/releaseband/rng/v4 v4.2.0 h1:eItIxHirBgL+2Ls4SoOGDPCf+7wCF5eS9EjCdKZZFi0=
github.com/releaseband/rng/v4 v4.2.0/go.mod h1:4n/iwf+pKAfRpO8hJ5rTDTJI86vJUVuzbKCYIz39EhE=
github.com/seehuhn/fortuna v1.0.1/go.mod h1:LX8ubejCnUoT/hX+1aKUtbKls2H6DRkqzkc7TdR3iis=
github.com/seehuhn/sha256d v1.0.0/go.mod h1:PEuxg9faClSveVuFXacQmi+NtDI/PX8bpKjtNzf2+s4=
